
Microsoft Visual Studio Solution File, Format Version 12.00
# Visual Studio Version 17
VisualStudioVersion = 17.1.32210.238
MinimumVisualStudioVersion = 10.0.40219.1
Project("{FAE04EC0-301F-11D3-BF4B-00C04F79EFBC}") = "GatewayAPI", "GatewayAPI\GatewayAPI.csproj", "{FBAAED77-6AB5-4E71-AE59-F33C9F96EF31}"
EndProject
Global
	GlobalSection(SolutionConfigurationPlatforms) = preSolution
		Debug|Any CPU = Debug|Any CPU
		Release|Any CPU = Release|Any CPU
	EndGlobalSection
	GlobalSection(ProjectConfigurationPlatforms) = postSolution
		{FBAAED77-6AB5-4E71-AE59-F33C9F96EF31}.Debug|Any CPU.ActiveCfg = Debug|Any CPU
		{FBAAED77-6AB5-4E71-AE59-F33C9F96EF31}.Debug|Any CPU.Build.0 = Debug|Any CPU
		{FBAAED77-6AB5-4E71-AE59-F33C9F96EF31}.Release|Any CPU.ActiveCfg = Release|Any CPU
		{FBAAED77-6AB5-4E71-AE59-F33C9F96EF31}.Release|Any CPU.Build.0 = Release|Any CPU
	EndGlobalSection
	GlobalSection(SolutionProperties) = preSolution
		HideSolutionNode = FALSE
	EndGlobalSection
	GlobalSection(ExtensibilityGlobals) = postSolution
		SolutionGuid = {B4B9FA34-D4C7-41EE-AACA-2271EAAB95BD}
	EndGlobalSection
EndGlobal
